
Microsoft Visual Studio Solution File, Format Version 12.00
# Visual Studio 15
VisualStudioVersion = 15.0.27703.2035
MinimumVisualStudioVersion = 10.0.40219.1
Project("{2150E333-8FDC-42A3-9474-1A3956D46DE8}") = "src", "src", "{35D34B43-0F7E-4500-8599-C19F5B3E9C8A}"
EndProject
Project("{2150E333-8FDC-42A3-9474-1A3956D46DE8}") = "Services", "Services", "{214720A6-DE53-468B-B0FB-DB822CF20637}"
EndProject
Project("{2150E333-8FDC-42A3-9474-1A3956D46DE8}") = "Identity", "Identity", "{2309AB0A-0EB0-4122-8D3E-80235F6272F1}"
EndProject
Project("{FAE04EC0-301F-11D3-BF4B-00C04F79EFBC}") = "Identity.API", "src\Services\Identity\Identity.API\Identity.API.csproj", "{6C02DFF9-F0A7-48B5-B6BE-3F49C9973A5C}"
EndProject
Project("{E53339B2-1760-4266-BCC7-CA923CBCF16C}") = "docker-compose", "docker-compose.dcproj", "{9BE1E10F-5C20-4480-9DDB-F770B68F54D0}"
EndProject
Project("{2150E333-8FDC-42A3-9474-1A3956D46DE8}") = "Payment", "Payment", "{5CC0A40C-79A6-4582-A7CD-9E491512FE2B}"
EndProject
Project("{FAE04EC0-301F-11D3-BF4B-00C04F79EFBC}") = "Payment.API", "src\Services\Payment\Payment.API\Payment.API.csproj", "{087AC78A-9DE4-48BE-BB50-27A4FB6A302A}"
EndProject
Global
	GlobalSection(SolutionConfigurationPlatforms) = preSolution
		Debug|Any CPU = Debug|Any CPU
		Release|Any CPU = Release|Any CPU
	EndGlobalSection
	GlobalSection(ProjectConfigurationPlatforms) = postSolution
		{6C02DFF9-F0A7-48B5-B6BE-3F49C9973A5C}.Debug|Any CPU.ActiveCfg = Debug|Any CPU
		{6C02DFF9-F0A7-48B5-B6BE-3F49C9973A5C}.Debug|Any CPU.Build.0 = Debug|Any CPU
		{6C02DFF9-F0A7-48B5-B6BE-3F49C9973A5C}.Release|Any CPU.ActiveCfg = Release|Any CPU
		{6C02DFF9-F0A7-48B5-B6BE-3F49C9973A5C}.Release|Any CPU.Build.0 = Release|Any CPU
		{9BE1E10F-5C20-4480-9DDB-F770B68F54D0}.Debug|Any CPU.ActiveCfg = Debug|Any CPU
		{9BE1E10F-5C20-4480-9DDB-F770B68F54D0}.Debug|Any CPU.Build.0 = Debug|Any CPU
		{9BE1E10F-5C20-4480-9DDB-F770B68F54D0}.Release|Any CPU.ActiveCfg = Release|Any CPU
		{9BE1E10F-5C20-4480-9DDB-F770B68F54D0}.Release|Any CPU.Build.0 = Release|Any CPU
		{087AC78A-9DE4-48BE-BB50-27A4FB6A302A}.Debug|Any CPU.ActiveCfg = Debug|Any CPU
		{087AC78A-9DE4-48BE-BB50-27A4FB6A302A}.Debug|Any CPU.Build.0 = Debug|Any CPU
		{087AC78A-9DE4-48BE-BB50-27A4FB6A302A}.Release|Any CPU.ActiveCfg = Release|Any CPU
		{087AC78A-9DE4-48BE-BB50-27A4FB6A302A}.Release|Any CPU.Build.0 = Release|Any CPU
	EndGlobalSection
	GlobalSection(SolutionProperties) = preSolution
		HideSolutionNode = FALSE
	EndGlobalSection
	GlobalSection(NestedProjects) = preSolution
		{214720A6-DE53-468B-B0FB-DB822CF20637} = {35D34B43-0F7E-4500-8599-C19F5B3E9C8A}
		{2309AB0A-0EB0-4122-8D3E-80235F6272F1} = {214720A6-DE53-468B-B0FB-DB822CF20637}
		{6C02DFF9-F0A7-48B5-B6BE-3F49C9973A5C} = {2309AB0A-0EB0-4122-8D3E-80235F6272F1}
		{5CC0A40C-79A6-4582-A7CD-9E491512FE2B} = {214720A6-DE53-468B-B0FB-DB822CF20637}
		{087AC78A-9DE4-48BE-BB50-27A4FB6A302A} = {5CC0A40C-79A6-4582-A7CD-9E491512FE2B}
	EndGlobalSection
	GlobalSection(ExtensibilityGlobals) = postSolution
		SolutionGuid = {1DE2FCE3-4FB0-4A92-8A45-65E448F10E65}
	EndGlobalSection
EndGlobal
